
Microsoft Visual Studio Solution File, Format Version 12.00
# Visual Studio 15
VisualStudioVersion = 15.0.28307.1433
MinimumVisualStudioVersion = 10.0.40219.1
Project("{888888A0-9F3D-457C-B088-3A5042F75D52}") = "repos", "repos.pyproj", "{BC15A2B8-05D0-4F83-8432-29DEBD2510D2}"
EndProject
Global
	GlobalSection(SolutionConfigurationPlatforms) = preSolution
		Debug|Any CPU = Debug|Any CPU
		Release|Any CPU = Release|Any CPU
	EndGlobalSection
	GlobalSection(ProjectConfigurationPlatforms) = postSolution
		{BC15A2B8-05D0-4F83-8432-29DEBD2510D2}.Debug|Any CPU.ActiveCfg = Debug|Any CPU
		{BC15A2B8-05D0-4F83-8432-29DEBD2510D2}.Release|Any CPU.ActiveCfg = Release|Any CPU
	EndGlobalSection
	GlobalSection(SolutionProperties) = preSolution
		HideSolutionNode = FALSE
	EndGlobalSection
	GlobalSection(ExtensibilityGlobals) = postSolution
		SolutionGuid = {1EF38FEA-2B33-4D0D-894F-16FAB6A752F8}
	EndGlobalSection
EndGlobal
